
Microsoft Visual Studio Solution File, Format Version 12.00
# Visual Studio Version 17
VisualStudioVersion = 17.4.33205.214
MinimumVisualStudioVersion = 10.0.40219.1
Project("{FAE04EC0-301F-11D3-BF4B-00C04F79EFBC}") = "onsi", "onsi.csproj", "{15C29271-3CDA-45F2-8988-E1F574D2FDF6}"
EndProject
Global
	GlobalSection(SolutionConfigurationPlatforms) = preSolution
		Debug|Any CPU = Debug|Any CPU
		Release|Any CPU = Release|Any CPU
	EndGlobalSection
	GlobalSection(ProjectConfigurationPlatforms) = postSolution
		{15C29271-3CDA-45F2-8988-E1F574D2FDF6}.Debug|Any CPU.ActiveCfg = Debug|Any CPU
		{15C29271-3CDA-45F2-8988-E1F574D2FDF6}.Debug|Any CPU.Build.0 = Debug|Any CPU
		{15C29271-3CDA-45F2-8988-E1F574D2FDF6}.Release|Any CPU.ActiveCfg = Release|Any CPU
		{15C29271-3CDA-45F2-8988-E1F574D2FDF6}.Release|Any CPU.Build.0 = Release|Any CPU
	EndGlobalSection
	GlobalSection(SolutionProperties) = preSolution
		HideSolutionNode = FALSE
	EndGlobalSection
	GlobalSection(ExtensibilityGlobals) = postSolution
		SolutionGuid = {51196D77-91EF-4F46-BBB1-972E2BDB4C88}
	EndGlobalSection
EndGlobal
