
Microsoft Visual Studio Solution File, Format Version 12.00
# Visual Studio Version 17
VisualStudioVersion = 17.4.33205.214
MinimumVisualStudioVersion = 10.0.40219.1
Project("{9A19103F-16F7-4668-BE54-9A1E7A4F7556}") = "Unboxing", "Unboxing\Unboxing.csproj", "{995A362A-1DFD-4C3E-8F56-608E0BB80547}"
EndProject
Project("{9A19103F-16F7-4668-BE54-9A1E7A4F7556}") = "Class0316", "Class0316\Class0316.csproj", "{29222CC8-A959-4413-B74E-2B267606015C}"
EndProject
Project("{9A19103F-16F7-4668-BE54-9A1E7A4F7556}") = "Constructor0317", "Constructor0317\Constructor0317.csproj", "{924572F3-08D7-4B57-A51E-61D96BB08A79}"
EndProject
Project("{9A19103F-16F7-4668-BE54-9A1E7A4F7556}") = "Parameter0320", "Parameter0320\Parameter0320.csproj", "{DDCFE138-44C2-4772-90D7-F3C176C7C73F}"
EndProject
Project("{9A19103F-16F7-4668-BE54-9A1E7A4F7556}") = "Override0321", "Override0321\Override0321.csproj", "{64481E19-9DCB-4C87-911C-474820288011}"
EndProject
Project("{9A19103F-16F7-4668-BE54-9A1E7A4F7556}") = "Casting0322", "Casting0322\Casting0322.csproj", "{26D2DD63-7E2D-4DC3-9CEF-422383631FCC}"
EndProject
Project("{9A19103F-16F7-4668-BE54-9A1E7A4F7556}") = "Abstract0324", "Abstract0324\Abstract0324.csproj", "{8FE55BA1-701A-4927-AC42-D81F33BEE37E}"
EndProject
Project("{9A19103F-16F7-4668-BE54-9A1E7A4F7556}") = "Delegate0327", "Delegate0327\Delegate0327.csproj", "{DC0FC2D7-482C-4C9D-8797-1F20CB11B06B}"
EndProject
Project("{9A19103F-16F7-4668-BE54-9A1E7A4F7556}") = "Anonymous0328", "Anonymous0328\Anonymous0328.csproj", "{E2F5B08D-6F17-4092-9E68-E7758CA7C2ED}"
EndProject
Project("{9A19103F-16F7-4668-BE54-9A1E7A4F7556}") = "Collection0329", "Indexer0329\Collection0329.csproj", "{DAC8B8EE-E50F-439C-A9FD-C2426FB91330}"
EndProject
Project("{9A19103F-16F7-4668-BE54-9A1E7A4F7556}") = "Indexer0330", "Indexer0330\Indexer0330.csproj", "{0BC977B0-8ADA-4957-83B4-3210D5F56B15}"
EndProject
Project("{FAE04EC0-301F-11D3-BF4B-00C04F79EFBC}") = "Action0331", "Action0331\Action0331.csproj", "{F96B3FD3-7C27-4AA4-A9EA-837384A84D97}"
EndProject
Global
	GlobalSection(SolutionConfigurationPlatforms) = preSolution
		Debug|Any CPU = Debug|Any CPU
		Release|Any CPU = Release|Any CPU
	EndGlobalSection
	GlobalSection(ProjectConfigurationPlatforms) = postSolution
		{995A362A-1DFD-4C3E-8F56-608E0BB80547}.Debug|Any CPU.ActiveCfg = Debug|Any CPU
		{995A362A-1DFD-4C3E-8F56-608E0BB80547}.Debug|Any CPU.Build.0 = Debug|Any CPU
		{995A362A-1DFD-4C3E-8F56-608E0BB80547}.Release|Any CPU.ActiveCfg = Release|Any CPU
		{995A362A-1DFD-4C3E-8F56-608E0BB80547}.Release|Any CPU.Build.0 = Release|Any CPU
		{29222CC8-A959-4413-B74E-2B267606015C}.Debug|Any CPU.ActiveCfg = Debug|Any CPU
		{29222CC8-A959-4413-B74E-2B267606015C}.Debug|Any CPU.Build.0 = Debug|Any CPU
		{29222CC8-A959-4413-B74E-2B267606015C}.Release|Any CPU.ActiveCfg = Release|Any CPU
		{29222CC8-A959-4413-B74E-2B267606015C}.Release|Any CPU.Build.0 = Release|Any CPU
		{924572F3-08D7-4B57-A51E-61D96BB08A79}.Debug|Any CPU.ActiveCfg = Debug|Any CPU
		{924572F3-08D7-4B57-A51E-61D96BB08A79}.Debug|Any CPU.Build.0 = Debug|Any CPU
		{924572F3-08D7-4B57-A51E-61D96BB08A79}.Release|Any CPU.ActiveCfg = Release|Any CPU
		{924572F3-08D7-4B57-A51E-61D96BB08A79}.Release|Any CPU.Build.0 = Release|Any CPU
		{DDCFE138-44C2-4772-90D7-F3C176C7C73F}.Debug|Any CPU.ActiveCfg = Debug|Any CPU
		{DDCFE138-44C2-4772-90D7-F3C176C7C73F}.Debug|Any CPU.Build.0 = Debug|Any CPU
		{DDCFE138-44C2-4772-90D7-F3C176C7C73F}.Release|Any CPU.ActiveCfg = Release|Any CPU
		{DDCFE138-44C2-4772-90D7-F3C176C7C73F}.Release|Any CPU.Build.0 = Release|Any CPU
		{64481E19-9DCB-4C87-911C-474820288011}.Debug|Any CPU.ActiveCfg = Debug|Any CPU
		{64481E19-9DCB-4C87-911C-474820288011}.Debug|Any CPU.Build.0 = Debug|Any CPU
		{64481E19-9DCB-4C87-911C-474820288011}.Release|Any CPU.ActiveCfg = Release|Any CPU
		{64481E19-9DCB-4C87-911C-474820288011}.Release|Any CPU.Build.0 = Release|Any CPU
		{26D2DD63-7E2D-4DC3-9CEF-422383631FCC}.Debug|Any CPU.ActiveCfg = Debug|Any CPU
		{26D2DD63-7E2D-4DC3-9CEF-422383631FCC}.Debug|Any CPU.Build.0 = Debug|Any CPU
		{26D2DD63-7E2D-4DC3-9CEF-422383631FCC}.Release|Any CPU.ActiveCfg = Release|Any CPU
		{26D2DD63-7E2D-4DC3-9CEF-422383631FCC}.Release|Any CPU.Build.0 = Release|Any CPU
		{8FE55BA1-701A-4927-AC42-D81F33BEE37E}.Debug|Any CPU.ActiveCfg = Debug|Any CPU
		{8FE55BA1-701A-4927-AC42-D81F33BEE37E}.Debug|Any CPU.Build.0 = Debug|Any CPU
		{8FE55BA1-701A-4927-AC42-D81F33BEE37E}.Release|Any CPU.ActiveCfg = Release|Any CPU
		{8FE55BA1-701A-4927-AC42-D81F33BEE37E}.Release|Any CPU.Build.0 = Release|Any CPU
		{DC0FC2D7-482C-4C9D-8797-1F20CB11B06B}.Debug|Any CPU.ActiveCfg = Debug|Any CPU
		{DC0FC2D7-482C-4C9D-8797-1F20CB11B06B}.Debug|Any CPU.Build.0 = Debug|Any CPU
		{DC0FC2D7-482C-4C9D-8797-1F20CB11B06B}.Release|Any CPU.ActiveCfg = Release|Any CPU
		{DC0FC2D7-482C-4C9D-8797-1F20CB11B06B}.Release|Any CPU.Build.0 = Release|Any CPU
		{E2F5B08D-6F17-4092-9E68-E7758CA7C2ED}.Debug|Any CPU.ActiveCfg = Debug|Any CPU
		{E2F5B08D-6F17-4092-9E68-E7758CA7C2ED}.Debug|Any CPU.Build.0 = Debug|Any CPU
		{E2F5B08D-6F17-4092-9E68-E7758CA7C2ED}.Release|Any CPU.ActiveCfg = Release|Any CPU
		{E2F5B08D-6F17-4092-9E68-E7758CA7C2ED}.Release|Any CPU.Build.0 = Release|Any CPU
		{DAC8B8EE-E50F-439C-A9FD-C2426FB91330}.Debug|Any CPU.ActiveCfg = Debug|Any CPU
		{DAC8B8EE-E50F-439C-A9FD-C2426FB91330}.Debug|Any CPU.Build.0 = Debug|Any CPU
		{DAC8B8EE-E50F-439C-A9FD-C2426FB91330}.Release|Any CPU.ActiveCfg = Release|Any CPU
		{DAC8B8EE-E50F-439C-A9FD-C2426FB91330}.Release|Any CPU.Build.0 = Release|Any CPU
		{0BC977B0-8ADA-4957-83B4-3210D5F56B15}.Debug|Any CPU.ActiveCfg = Debug|Any CPU
		{0BC977B0-8ADA-4957-83B4-3210D5F56B15}.Debug|Any CPU.Build.0 = Debug|Any CPU
		{0BC977B0-8ADA-4957-83B4-3210D5F56B15}.Release|Any CPU.ActiveCfg = Release|Any CPU
		{0BC977B0-8ADA-4957-83B4-3210D5F56B15}.Release|Any CPU.Build.0 = Release|Any CPU
		{F96B3FD3-7C27-4AA4-A9EA-837384A84D97}.Debug|Any CPU.ActiveCfg = Debug|Any CPU
		{F96B3FD3-7C27-4AA4-A9EA-837384A84D97}.Debug|Any CPU.Build.0 = Debug|Any CPU
		{F96B3FD3-7C27-4AA4-A9EA-837384A84D97}.Release|Any CPU.ActiveCfg = Release|Any CPU
		{F96B3FD3-7C27-4AA4-A9EA-837384A84D97}.Release|Any CPU.Build.0 = Release|Any CPU
	EndGlobalSection
	GlobalSection(SolutionProperties) = preSolution
		HideSolutionNode = FALSE
	EndGlobalSection
	GlobalSection(ExtensibilityGlobals) = postSolution
		SolutionGuid = {294554D8-9F00-490C-96B0-99CE2C4F7548}
	EndGlobalSection
EndGlobal
